
Microsoft Visual Studio Solution File, Format Version 12.00
# Visual Studio Version 17
VisualStudioVersion = 17.9.34714.143
MinimumVisualStudioVersion = 10.0.40219.1
Project("{9A19103F-16F7-4668-BE54-9A1E7A4F7556}") = "LearningApi", "LearningApi.csproj", "{B2493BE0-F4EB-49F7-8677-490A77857BCF}"
EndProject
Global
	GlobalSection(SolutionConfigurationPlatforms) = preSolution
		Debug|Any CPU = Debug|Any CPU
		Release|Any CPU = Release|Any CPU
	EndGlobalSection
	GlobalSection(ProjectConfigurationPlatforms) = postSolution
		{B2493BE0-F4EB-49F7-8677-490A77857BCF}.Debug|Any CPU.ActiveCfg = Debug|Any CPU
		{B2493BE0-F4EB-49F7-8677-490A77857BCF}.Debug|Any CPU.Build.0 = Debug|Any CPU
		{B2493BE0-F4EB-49F7-8677-490A77857BCF}.Release|Any CPU.ActiveCfg = Release|Any CPU
		{B2493BE0-F4EB-49F7-8677-490A77857BCF}.Release|Any CPU.Build.0 = Release|Any CPU
	EndGlobalSection
	GlobalSection(SolutionProperties) = preSolution
		HideSolutionNode = FALSE
	EndGlobalSection
	GlobalSection(ExtensibilityGlobals) = postSolution
		SolutionGuid = {1C34F6C6-01EB-4A33-B536-CB467F2231CA}
	EndGlobalSection
EndGlobal
